// !$*UTF8*$!
{
	archiveVersion = 1;
	classes = {
	};
	objectVersion = 46;
	objects = {

/* Begin PBXBuildFile section */
		07A6C9F21B419EB90057B349 /* CoreText.framework in Frameworks */ = {isa = PBXBuildFile; fileRef = 07A6C9F11B419EB90057B349 /* CoreText.framework */; };
		07AE89E01B44B6A0007022B5 /* AudioToolbox.framework in Frameworks */ = {isa = PBXBuildFile; fileRef = 07AE89DF1B44B6A0007022B5 /* AudioToolbox.framework */; };
		07AE89E21B44B6A7007022B5 /* CFNetwork.framework in Frameworks */ = {isa = PBXBuildFile; fileRef = 07AE89E11B44B6A7007022B5 /* CFNetwork.framework */; };
		07AE89E41B44B6AE007022B5 /* CoreGraphics.framework in Frameworks */ = {isa = PBXBuildFile; fileRef = 07AE89E31B44B6AE007022B5 /* CoreGraphics.framework */; };
		07AE89E61B44B6B5007022B5 /* CoreLocation.framework in Frameworks */ = {isa = PBXBuildFile; fileRef = 07AE89E51B44B6B5007022B5 /* CoreLocation.framework */; };
		07AE89E81B44B6BD007022B5 /* MobileCoreServices.framework in Frameworks */ = {isa = PBXBuildFile; fileRef = 07AE89E71B44B6BD007022B5 /* MobileCoreServices.framework */; };
		07AE89EA1B44B6C3007022B5 /* QuartzCore.framework in Frameworks */ = {isa = PBXBuildFile; fileRef = 07AE89E91B44B6C3007022B5 /* QuartzCore.framework */; };
		07AE89EC1B44B6C8007022B5 /* Security.framework in Frameworks */ = {isa = PBXBuildFile; fileRef = 07AE89EB1B44B6C8007022B5 /* Security.framework */; };
		07AE89EE1B44B6CF007022B5 /* StoreKit.framework in Frameworks */ = {isa = PBXBuildFile; fileRef = 07AE89ED1B44B6CF007022B5 /* StoreKit.framework */; };
		07AE89F01B44B6D8007022B5 /* SystemConfiguration.framework in Frameworks */ = {isa = PBXBuildFile; fileRef = 07AE89EF1B44B6D8007022B5 /* SystemConfiguration.framework */; };
		07AE89F21B44B6E3007022B5 /* libz.dylib in Frameworks */ = {isa = PBXBuildFile; fileRef = 07AE89F11B44B6E3007022B5 /* libz.dylib */; };
		07AE89F41B44B6F1007022B5 /* libsqlite3.dylib in Frameworks */ = {isa = PBXBuildFile; fileRef = 07AE89F31B44B6F1007022B5 /* libsqlite3.dylib */; };
		07AE89FB1B44B772007022B5 /* Bolts.framework in Frameworks */ = {isa = PBXBuildFile; fileRef = 07AE89F51B44B772007022B5 /* Bolts.framework */; };
		07AE89FC1B44B772007022B5 /* Parse.framework in Frameworks */ = {isa = PBXBuildFile; fileRef = 07AE89F61B44B772007022B5 /* Parse.framework */; };
		07AE89FD1B44B772007022B5 /* ParseCrashReporting.framework in Frameworks */ = {isa = PBXBuildFile; fileRef = 07AE89F71B44B772007022B5 /* ParseCrashReporting.framework */; };
		07AE8A001B44B772007022B5 /* ParseUI.framework in Frameworks */ = {isa = PBXBuildFile; fileRef = 07AE89FA1B44B772007022B5 /* ParseUI.framework */; };
		07AE8A021B44B880007022B5 /* libstdc++.6.dylib in Frameworks */ = {isa = PBXBuildFile; fileRef = 07AE8A011B44B880007022B5 /* libstdc++.6.dylib */; };
		07AE8A041B44B93D007022B5 /* Social.framework in Frameworks */ = {isa = PBXBuildFile; fileRef = 07AE8A031B44B93D007022B5 /* Social.framework */; };
		07AE8A061B44B968007022B5 /* Accounts.framework in Frameworks */ = {isa = PBXBuildFile; fileRef = 07AE8A051B44B968007022B5 /* Accounts.framework */; };
		07B07DEC1B3D992D008627F9 /* main.m in Sources */ = {isa = PBXBuildFile; fileRef = 07B07DEB1B3D992D008627F9 /* main.m */; };
		07B07DEF1B3D992D008627F9 /* AppDelegate.m in Sources */ = {isa = PBXBuildFile; fileRef = 07B07DEE1B3D992D008627F9 /* AppDelegate.m */; };
		07B07DF21B3D992D008627F9 /* ViewController.m in Sources */ = {isa = PBXBuildFile; fileRef = 07B07DF11B3D992D008627F9 /* ViewController.m */; };
		07B07DF51B3D992D008627F9 /* Main.storyboard in Resources */ = {isa = PBXBuildFile; fileRef = 07B07DF31B3D992D008627F9 /* Main.storyboard */; };
		07B07DF71B3D992D008627F9 /* Images.xcassets in Resources */ = {isa = PBXBuildFile; fileRef = 07B07DF61B3D992D008627F9 /* Images.xcassets */; };
		07B07DFA1B3D992D008627F9 /* LaunchScreen.xib in Resources */ = {isa = PBXBuildFile; fileRef = 07B07DF81B3D992D008627F9 /* LaunchScreen.xib */; };
		07B07E061B3D992D008627F9 /* photoFeatureTests.m in Sources */ = {isa = PBXBuildFile; fileRef = 07B07E051B3D992D008627F9 /* photoFeatureTests.m */; };
		34875C6E1B7C814500C6A993 /* editPhotoController.m in Sources */ = {isa = PBXBuildFile; fileRef = 34875C6D1B7C814500C6A993 /* editPhotoController.m */; };
		55643B202E9413164BB46112 /* Pods_photoFeature.framework in Frameworks */ = {isa = PBXBuildFile; fileRef = 34E56145CC900E3896FFF262 /* Pods_photoFeature.framework */; settings = {ATTRIBUTES = (Weak, ); }; };
/* End PBXBuildFile section */

/* Begin PBXContainerItemProxy section */
		07B07E001B3D992D008627F9 /* PBXContainerItemProxy */ = {
			isa = PBXContainerItemProxy;
			containerPortal = 07B07DDE1B3D992D008627F9 /* Project object */;
			proxyType = 1;
			remoteGlobalIDString = 07B07DE51B3D992D008627F9;
			remoteInfo = photoFeature;
		};
/* End PBXContainerItemProxy section */

/* Begin PBXFileReference section */
		07A6C9F11B419EB90057B349 /* CoreText.framework */ = {isa = PBXFileReference; lastKnownFileType = wrapper.framework; name = CoreText.framework; path = System/Library/Frameworks/CoreText.framework; sourceTree = SDKROOT; };
		07AE89DF1B44B6A0007022B5 /* AudioToolbox.framework */ = {isa = PBXFileReference; lastKnownFileType = wrapper.framework; name = AudioToolbox.framework; path = System/Library/Frameworks/AudioToolbox.framework; sourceTree = SDKROOT; };
		07AE89E11B44B6A7007022B5 /* CFNetwork.framework */ = {isa = PBXFileReference; lastKnownFileType = wrapper.framework; name = CFNetwork.framework; path = System/Library/Frameworks/CFNetwork.framework; sourceTree = SDKROOT; };
		07AE89E31B44B6AE007022B5 /* CoreGraphics.framework */ = {isa = PBXFileReference; lastKnownFileType = wrapper.framework; name = CoreGraphics.framework; path = System/Library/Frameworks/CoreGraphics.framework; sourceTree = SDKROOT; };
		07AE89E51B44B6B5007022B5 /* CoreLocation.framework */ = {isa = PBXFileReference; lastKnownFileType = wrapper.framework; name = CoreLocation.framework; path = System/Library/Frameworks/CoreLocation.framework; sourceTree = SDKROOT; };
		07AE89E71B44B6BD007022B5 /* MobileCoreServices.framework */ = {isa = PBXFileReference; lastKnownFileType = wrapper.framework; name = MobileCoreServices.framework; path = System/Library/Frameworks/MobileCoreServices.framework; sourceTree = SDKROOT; };
		07AE89E91B44B6C3007022B5 /* QuartzCore.framework */ = {isa = PBXFileReference; lastKnownFileType = wrapper.framework; name = QuartzCore.framework; path = System/Library/Frameworks/QuartzCore.framework; sourceTree = SDKROOT; };
		07AE89EB1B44B6C8007022B5 /* Security.framework */ = {isa = PBXFileReference; lastKnownFileType = wrapper.framework; name = Security.framework; path = System/Library/Frameworks/Security.framework; sourceTree = SDKROOT; };
		07AE89ED1B44B6CF007022B5 /* StoreKit.framework */ = {isa = PBXFileReference; lastKnownFileType = wrapper.framework; name = StoreKit.framework; path = System/Library/Frameworks/StoreKit.framework; sourceTree = SDKROOT; };
		07AE89EF1B44B6D8007022B5 /* SystemConfiguration.framework */ = {isa = PBXFileReference; lastKnownFileType = wrapper.framework; name = SystemConfiguration.framework; path = System/Library/Frameworks/SystemConfiguration.framework; sourceTree = SDKROOT; };
		07AE89F11B44B6E3007022B5 /* libz.dylib */ = {isa = PBXFileReference; lastKnownFileType = "compiled.mach-o.dylib"; name = libz.dylib; path = usr/lib/libz.dylib; sourceTree = SDKROOT; };
		07AE89F31B44B6F1007022B5 /* libsqlite3.dylib */ = {isa = PBXFileReference; lastKnownFileType = "compiled.mach-o.dylib"; name = libsqlite3.dylib; path = usr/lib/libsqlite3.dylib; sourceTree = SDKROOT; };
		07AE89F51B44B772007022B5 /* Bolts.framework */ = {isa = PBXFileReference; lastKnownFileType = wrapper.framework; name = Bolts.framework; path = "parse-library-1-4/Bolts.framework"; sourceTree = "<group>"; };
		07AE89F61B44B772007022B5 /* Parse.framework */ = {isa = PBXFileReference; lastKnownFileType = wrapper.framework; name = Parse.framework; path = "parse-library-1-4/Parse.framework"; sourceTree = "<group>"; };
		07AE89F71B44B772007022B5 /* ParseCrashReporting.framework */ = {isa = PBXFileReference; lastKnownFileType = wrapper.framework; name = ParseCrashReporting.framework; path = "parse-library-1-4/ParseCrashReporting.framework"; sourceTree = "<group>"; };
		07AE89FA1B44B772007022B5 /* ParseUI.framework */ = {isa = PBXFileReference; lastKnownFileType = wrapper.framework; name = ParseUI.framework; path = "parse-library-1-4/ParseUI.framework"; sourceTree = "<group>"; };
		07AE8A011B44B880007022B5 /* libstdc++.6.dylib */ = {isa = PBXFileReference; lastKnownFileType = "compiled.mach-o.dylib"; name = "libstdc++.6.dylib"; path = "usr/lib/libstdc++.6.dylib"; sourceTree = SDKROOT; };
		07AE8A031B44B93D007022B5 /* Social.framework */ = {isa = PBXFileReference; lastKnownFileType = wrapper.framework; name = Social.framework; path = System/Library/Frameworks/Social.framework; sourceTree = SDKROOT; };
		07AE8A051B44B968007022B5 /* Accounts.framework */ = {isa = PBXFileReference; lastKnownFileType = wrapper.framework; name = Accounts.framework; path = System/Library/Frameworks/Accounts.framework; sourceTree = SDKROOT; };
		07B07DE61B3D992D008627F9 /* photoFeature.app */ = {isa = PBXFileReference; explicitFileType = wrapper.application; includeInIndex = 0; path = photoFeature.app; sourceTree = BUILT_PRODUCTS_DIR; };
		07B07DEA1B3D992D008627F9 /* Info.plist */ = {isa = PBXFileReference; lastKnownFileType = text.plist.xml; path = Info.plist; sourceTree = "<group>"; };
		07B07DEB1B3D992D008627F9 /* main.m */ = {isa = PBXFileReference; lastKnownFileType = sourcecode.c.objc; path = main.m; sourceTree = "<group>"; };
		07B07DED1B3D992D008627F9 /* AppDelegate.h */ = {isa = PBXFileReference; lastKnownFileType = sourcecode.c.h; path = AppDelegate.h; sourceTree = "<group>"; };
		07B07DEE1B3D992D008627F9 /* AppDelegate.m */ = {isa = PBXFileReference; lastKnownFileType = sourcecode.c.objc; path = AppDelegate.m; sourceTree = "<group>"; };
		07B07DF01B3D992D008627F9 /* ViewController.h */ = {isa = PBXFileReference; lastKnownFileType = sourcecode.c.h; path = ViewController.h; sourceTree = "<group>"; };
		07B07DF11B3D992D008627F9 /* ViewController.m */ = {isa = PBXFileReference; lastKnownFileType = sourcecode.c.objc; path = ViewController.m; sourceTree = "<group>"; };
		07B07DF41B3D992D008627F9 /* Base */ = {isa = PBXFileReference; lastKnownFileType = file.storyboard; name = Base; path = Base.lproj/Main.storyboard; sourceTree = "<group>"; };
		07B07DF61B3D992D008627F9 /* Images.xcassets */ = {isa = PBXFileReference; lastKnownFileType = folder.assetcatalog; path = Images.xcassets; sourceTree = "<group>"; };
		07B07DF91B3D992D008627F9 /* Base */ = {isa = PBXFileReference; lastKnownFileType = file.xib; name = Base; path = Base.lproj/LaunchScreen.xib; sourceTree = "<group>"; };
		07B07DFF1B3D992D008627F9 /* photoFeatureTests.xctest */ = {isa = PBXFileReference; explicitFileType = wrapper.cfbundle; includeInIndex = 0; path = photoFeatureTests.xctest; sourceTree = BUILT_PRODUCTS_DIR; };
		07B07E041B3D992D008627F9 /* Info.plist */ = {isa = PBXFileReference; lastKnownFileType = text.plist.xml; path = Info.plist; sourceTree = "<group>"; };
		07B07E051B3D992D008627F9 /* photoFeatureTests.m */ = {isa = PBXFileReference; lastKnownFileType = sourcecode.c.objc; path = photoFeatureTests.m; sourceTree = "<group>"; };
		18955F7011E629AD51577F14 /* Pods-photoFeature.debug.xcconfig */ = {isa = PBXFileReference; includeInIndex = 1; lastKnownFileType = text.xcconfig; name = "Pods-photoFeature.debug.xcconfig"; path = "Pods/Target Support Files/Pods-photoFeature/Pods-photoFeature.debug.xcconfig"; sourceTree = "<group>"; };
		34875C6C1B7C814500C6A993 /* editPhotoController.h */ = {isa = PBXFileReference; fileEncoding = 4; lastKnownFileType = sourcecode.c.h; path = editPhotoController.h; sourceTree = "<group>"; };
		34875C6D1B7C814500C6A993 /* editPhotoController.m */ = {isa = PBXFileReference; fileEncoding = 4; lastKnownFileType = sourcecode.c.objc; path = editPhotoController.m; sourceTree = "<group>"; };
		34E56145CC900E3896FFF262 /* Pods_photoFeature.framework */ = {isa = PBXFileReference; explicitFileType = wrapper.framework; includeInIndex = 0; path = Pods_photoFeature.framework; sourceTree = BUILT_PRODUCTS_DIR; };
		EE10574D3BF40ADA9E70A67B /* Pods-photoFeature.release.xcconfig */ = {isa = PBXFileReference; includeInIndex = 1; lastKnownFileType = text.xcconfig; name = "Pods-photoFeature.release.xcconfig"; path = "Pods/Target Support Files/Pods-photoFeature/Pods-photoFeature.release.xcconfig"; sourceTree = "<group>"; };
/* End PBXFileReference section */

/* Begin PBXFrameworksBuildPhase section */
		07B07DE31B3D992D008627F9 /* Frameworks */ = {
			isa = PBXFrameworksBuildPhase;
			buildActionMask = 2147483647;
			files = (
				07AE89FC1B44B772007022B5 /* Parse.framework in Frameworks */,
				07AE8A061B44B968007022B5 /* Accounts.framework in Frameworks */,
				07AE8A041B44B93D007022B5 /* Social.framework in Frameworks */,
				07AE8A021B44B880007022B5 /* libstdc++.6.dylib in Frameworks */,
				07AE89F41B44B6F1007022B5 /* libsqlite3.dylib in Frameworks */,
				07AE89F21B44B6E3007022B5 /* libz.dylib in Frameworks */,
				07AE89F01B44B6D8007022B5 /* SystemConfiguration.framework in Frameworks */,
				07AE89EE1B44B6CF007022B5 /* StoreKit.framework in Frameworks */,
				07AE89EC1B44B6C8007022B5 /* Security.framework in Frameworks */,
				07AE89EA1B44B6C3007022B5 /* QuartzCore.framework in Frameworks */,
				07AE89E81B44B6BD007022B5 /* MobileCoreServices.framework in Frameworks */,
				07AE89E61B44B6B5007022B5 /* CoreLocation.framework in Frameworks */,
				07AE8A001B44B772007022B5 /* ParseUI.framework in Frameworks */,
				07AE89E41B44B6AE007022B5 /* CoreGraphics.framework in Frameworks */,
				07AE89E21B44B6A7007022B5 /* CFNetwork.framework in Frameworks */,
				07AE89E01B44B6A0007022B5 /* AudioToolbox.framework in Frameworks */,
				07A6C9F21B419EB90057B349 /* CoreText.framework in Frameworks */,
				55643B202E9413164BB46112 /* Pods_photoFeature.framework in Frameworks */,
				07AE89FB1B44B772007022B5 /* Bolts.framework in Frameworks */,
				07AE89FD1B44B772007022B5 /* ParseCrashReporting.framework in Frameworks */,
			);
			runOnlyForDeploymentPostprocessing = 0;
		};
		07B07DFC1B3D992D008627F9 /* Frameworks */ = {
			isa = PBXFrameworksBuildPhase;
			buildActionMask = 2147483647;
			files = (
			);
			runOnlyForDeploymentPostprocessing = 0;
		};
/* End PBXFrameworksBuildPhase section */

/* Begin PBXGroup section */
		07B07DDD1B3D992D008627F9 = {
			isa = PBXGroup;
			children = (
				07B07DE81B3D992D008627F9 /* photoFeature */,
				07B07E021B3D992D008627F9 /* photoFeatureTests */,
				07B07DE71B3D992D008627F9 /* Products */,
				4A99FE065BFF7D30B07677C7 /* Pods */,
				7AC99EE3D0092E77547E0D2B /* Frameworks */,
			);
			sourceTree = "<group>";
		};
		07B07DE71B3D992D008627F9 /* Products */ = {
			isa = PBXGroup;
			children = (
				07B07DE61B3D992D008627F9 /* photoFeature.app */,
				07B07DFF1B3D992D008627F9 /* photoFeatureTests.xctest */,
			);
			name = Products;
			sourceTree = "<group>";
		};
		07B07DE81B3D992D008627F9 /* photoFeature */ = {
			isa = PBXGroup;
			children = (
				07B07DED1B3D992D008627F9 /* AppDelegate.h */,
				07B07DEE1B3D992D008627F9 /* AppDelegate.m */,
				07B07DF01B3D992D008627F9 /* ViewController.h */,
				07B07DF11B3D992D008627F9 /* ViewController.m */,
				34875C6C1B7C814500C6A993 /* editPhotoController.h */,
				34875C6D1B7C814500C6A993 /* editPhotoController.m */,
				07B07DF31B3D992D008627F9 /* Main.storyboard */,
				07B07DF61B3D992D008627F9 /* Images.xcassets */,
				07B07DF81B3D992D008627F9 /* LaunchScreen.xib */,
				07B07DE91B3D992D008627F9 /* Supporting Files */,
			);
			path = photoFeature;
			sourceTree = "<group>";
		};
		07B07DE91B3D992D008627F9 /* Supporting Files */ = {
			isa = PBXGroup;
			children = (
				07B07DEA1B3D992D008627F9 /* Info.plist */,
				07B07DEB1B3D992D008627F9 /* main.m */,
			);
			name = "Supporting Files";
			sourceTree = "<group>";
		};
		07B07E021B3D992D008627F9 /* photoFeatureTests */ = {
			isa = PBXGroup;
			children = (
				07B07E051B3D992D008627F9 /* photoFeatureTests.m */,
				07B07E031B3D992D008627F9 /* Supporting Files */,
			);
			path = photoFeatureTests;
			sourceTree = "<group>";
		};
		07B07E031B3D992D008627F9 /* Supporting Files */ = {
			isa = PBXGroup;
			children = (
				07B07E041B3D992D008627F9 /* Info.plist */,
			);
			name = "Supporting Files";
			sourceTree = "<group>";
		};
		4A99FE065BFF7D30B07677C7 /* Pods */ = {
			isa = PBXGroup;
			children = (
				18955F7011E629AD51577F14 /* Pods-photoFeature.debug.xcconfig */,
				EE10574D3BF40ADA9E70A67B /* Pods-photoFeature.release.xcconfig */,
			);
			name = Pods;
			sourceTree = "<group>";
		};
		7AC99EE3D0092E77547E0D2B /* Frameworks */ = {
			isa = PBXGroup;
			children = (
				07AE8A051B44B968007022B5 /* Accounts.framework */,
				07AE8A031B44B93D007022B5 /* Social.framework */,
				07AE8A011B44B880007022B5 /* libstdc++.6.dylib */,
				07AE89F51B44B772007022B5 /* Bolts.framework */,
				07AE89F61B44B772007022B5 /* Parse.framework */,
				07AE89F71B44B772007022B5 /* ParseCrashReporting.framework */,
				07AE89FA1B44B772007022B5 /* ParseUI.framework */,
				07AE89F31B44B6F1007022B5 /* libsqlite3.dylib */,
				07AE89F11B44B6E3007022B5 /* libz.dylib */,
				07AE89EF1B44B6D8007022B5 /* SystemConfiguration.framework */,
				07AE89ED1B44B6CF007022B5 /* StoreKit.framework */,
				07AE89EB1B44B6C8007022B5 /* Security.framework */,
				07AE89E91B44B6C3007022B5 /* QuartzCore.framework */,
				07AE89E71B44B6BD007022B5 /* MobileCoreServices.framework */,
				07AE89E51B44B6B5007022B5 /* CoreLocation.framework */,
				07AE89E31B44B6AE007022B5 /* CoreGraphics.framework */,
				07AE89E11B44B6A7007022B5 /* CFNetwork.framework */,
				07AE89DF1B44B6A0007022B5 /* AudioToolbox.framework */,
				07A6C9F11B419EB90057B349 /* CoreText.framework */,
				34E56145CC900E3896FFF262 /* Pods_photoFeature.framework */,
			);
			name = Frameworks;
			sourceTree = "<group>";
		};
/* End PBXGroup section */

/* Begin PBXNativeTarget section */
		07B07DE51B3D992D008627F9 /* photoFeature */ = {
			isa = PBXNativeTarget;
			buildConfigurationList = 07B07E091B3D992D008627F9 /* Build configuration list for PBXNativeTarget "photoFeature" */;
			buildPhases = (
				408575F67EAC0B2BDCA9F2ED /* Check Pods Manifest.lock */,
				07B07DE21B3D992D008627F9 /* Sources */,
				07B07DE31B3D992D008627F9 /* Frameworks */,
				07B07DE41B3D992D008627F9 /* Resources */,
				9FEDEA32393D50547DD7BB79 /* Embed Pods Frameworks */,
				48E5975D61FE84EDBF35AB60 /* Copy Pods Resources */,
			);
			buildRules = (
			);
			dependencies = (
			);
			name = photoFeature;
			productName = photoFeature;
			productReference = 07B07DE61B3D992D008627F9 /* photoFeature.app */;
			productType = "com.apple.product-type.application";
		};
		07B07DFE1B3D992D008627F9 /* photoFeatureTests */ = {
			isa = PBXNativeTarget;
			buildConfigurationList = 07B07E0C1B3D992D008627F9 /* Build configuration list for PBXNativeTarget "photoFeatureTests" */;
			buildPhases = (
				07B07DFB1B3D992D008627F9 /* Sources */,
				07B07DFC1B3D992D008627F9 /* Frameworks */,
				07B07DFD1B3D992D008627F9 /* Resources */,
			);
			buildRules = (
			);
			dependencies = (
				07B07E011B3D992D008627F9 /* PBXTargetDependency */,
			);
			name = photoFeatureTests;
			productName = photoFeatureTests;
			productReference = 07B07DFF1B3D992D008627F9 /* photoFeatureTests.xctest */;
			productType = "com.apple.product-type.bundle.unit-test";
		};
/* End PBXNativeTarget section */

/* Begin PBXProject section */
		07B07DDE1B3D992D008627F9 /* Project object */ = {
			isa = PBXProject;
			attributes = {
				LastUpgradeCheck = 0630;
				ORGANIZATIONNAME = "Matthew Perez";
				TargetAttributes = {
					07B07DE51B3D992D008627F9 = {
						CreatedOnToolsVersion = 6.3.2;
					};
					07B07DFE1B3D992D008627F9 = {
						CreatedOnToolsVersion = 6.3.2;
						TestTargetID = 07B07DE51B3D992D008627F9;
					};
				};
			};
			buildConfigurationList = 07B07DE11B3D992D008627F9 /* Build configuration list for PBXProject "photoFeature" */;
			compatibilityVersion = "Xcode 3.2";
			developmentRegion = English;
			hasScannedForEncodings = 0;
			knownRegions = (
				en,
				Base,
			);
			mainGroup = 07B07DDD1B3D992D008627F9;
			productRefGroup = 07B07DE71B3D992D008627F9 /* Products */;
			projectDirPath = "";
			projectRoot = "";
			targets = (
				07B07DE51B3D992D008627F9 /* photoFeature */,
				07B07DFE1B3D992D008627F9 /* photoFeatureTests */,
			);
		};
/* End PBXProject section */

/* Begin PBXResourcesBuildPhase section */
		07B07DE41B3D992D008627F9 /* Resources */ = {
			isa = PBXResourcesBuildPhase;
			buildActionMask = 2147483647;
			files = (
				07B07DF51B3D992D008627F9 /* Main.storyboard in Resources */,
				07B07DFA1B3D992D008627F9 /* LaunchScreen.xib in Resources */,
				07B07DF71B3D992D008627F9 /* Images.xcassets in Resources */,
			);
			runOnlyForDeploymentPostprocessing = 0;
		};
		07B07DFD1B3D992D008627F9 /* Resources */ = {
			isa = PBXResourcesBuildPhase;
			buildActionMask = 2147483647;
			files = (
			);
			runOnlyForDeploymentPostprocessing = 0;
		};
/* End PBXResourcesBuildPhase section */

/* Begin PBXShellScriptBuildPhase section */
		408575F67EAC0B2BDCA9F2ED /* Check Pods Manifest.lock */ = {
			isa = PBXShellScriptBuildPhase;
			buildActionMask = 2147483647;
			files = (
			);
			inputPaths = (
			);
			name = "Check Pods Manifest.lock";
			outputPaths = (
			);
			runOnlyForDeploymentPostprocessing = 0;
			shellPath = /bin/sh;
			shellScript = "diff \"${PODS_ROOT}/../Podfile.lock\" \"${PODS_ROOT}/Manifest.lock\" > /dev/null\nif [[ $? != 0 ]] ; then\n    cat << EOM\nerror: The sandbox is not in sync with the Podfile.lock. Run 'pod install' or update your CocoaPods installation.\nEOM\n    exit 1\nfi\n";
			showEnvVarsInLog = 0;
		};
		48E5975D61FE84EDBF35AB60 /* Copy Pods Resources */ = {
			isa = PBXShellScriptBuildPhase;
			buildActionMask = 2147483647;
			files = (
			);
			inputPaths = (
			);
			name = "Copy Pods Resources";
			outputPaths = (
			);
			runOnlyForDeploymentPostprocessing = 0;
			shellPath = /bin/sh;
			shellScript = "\"${SRCROOT}/Pods/Target Support Files/Pods-photoFeature/Pods-photoFeature-resources.sh\"\n";
			showEnvVarsInLog = 0;
		};
		9FEDEA32393D50547DD7BB79 /* Embed Pods Frameworks */ = {
			isa = PBXShellScriptBuildPhase;
			buildActionMask = 2147483647;
			files = (
			);
			inputPaths = (
			);
			name = "Embed Pods Frameworks";
			outputPaths = (
			);
			runOnlyForDeploymentPostprocessing = 0;
			shellPath = /bin/sh;
			shellScript = "\"${SRCROOT}/Pods/Target Support Files/Pods-photoFeature/Pods-photoFeature-frameworks.sh\"\n";
			showEnvVarsInLog = 0;
		};
/* End PBXShellScriptBuildPhase section */

/* Begin PBXSourcesBuildPhase section */
		07B07DE21B3D992D008627F9 /* Sources */ = {
			isa = PBXSourcesBuildPhase;
			buildActionMask = 2147483647;
			files = (
				34875C6E1B7C814500C6A993 /* editPhotoController.m in Sources */,
				07B07DF21B3D992D008627F9 /* ViewController.m in Sources */,
				07B07DEF1B3D992D008627F9 /* AppDelegate.m in Sources */,
				07B07DEC1B3D992D008627F9 /* main.m in Sources */,
			);
			runOnlyForDeploymentPostprocessing = 0;
		};
		07B07DFB1B3D992D008627F9 /* Sources */ = {
			isa = PBXSourcesBuildPhase;
			buildActionMask = 2147483647;
			files = (
				07B07E061B3D992D008627F9 /* photoFeatureTests.m in Sources */,
			);
			runOnlyForDeploymentPostprocessing = 0;
		};
/* End PBXSourcesBuildPhase section */

/* Begin PBXTargetDependency section */
		07B07E011B3D992D008627F9 /* PBXTargetDependency */ = {
			isa = PBXTargetDependency;
			target = 07B07DE51B3D992D008627F9 /* photoFeature */;
			targetProxy = 07B07E001B3D992D008627F9 /* PBXContainerItemProxy */;
		};
/* End PBXTargetDependency section */

/* Begin PBXVariantGroup section */
		07B07DF31B3D992D008627F9 /* Main.storyboard */ = {
			isa = PBXVariantGroup;
			children = (
				07B07DF41B3D992D008627F9 /* Base */,
			);
			name = Main.storyboard;
			sourceTree = "<group>";
		};
		07B07DF81B3D992D008627F9 /* LaunchScreen.xib */ = {
			isa = PBXVariantGroup;
			children = (
				07B07DF91B3D992D008627F9 /* Base */,
			);
			name = LaunchScreen.xib;
			sourceTree = "<group>";
		};
/* End PBXVariantGroup section */

/* Begin XCBuildConfiguration section */
		07B07E071B3D992D008627F9 /* Debug */ = {
			isa = XCBuildConfiguration;
			buildSettings = {
				ALWAYS_SEARCH_USER_PATHS = NO;
				CLANG_CXX_LANGUAGE_STANDARD = "gnu++0x";
				CLANG_CXX_LIBRARY = "libc++";
				CLANG_ENABLE_MODULES = YES;
				CLANG_ENABLE_OBJC_ARC = YES;
				CLANG_WARN_BOOL_CONVERSION = YES;
				CLANG_WARN_CONSTANT_CONVERSION = YES;
				CLANG_WARN_DIRECT_OBJC_ISA_USAGE = YES_ERROR;
				CLANG_WARN_EMPTY_BODY = YES;
				CLANG_WARN_ENUM_CONVERSION = YES;
				CLANG_WARN_INT_CONVERSION = YES;
				CLANG_WARN_OBJC_ROOT_CLASS = YES_ERROR;
				CLANG_WARN_UNREACHABLE_CODE = YES;
				CLANG_WARN__DUPLICATE_METHOD_MATCH = YES;
				"CODE_SIGN_IDENTITY[sdk=iphoneos*]" = "iPhone Developer";
				COPY_PHASE_STRIP = NO;
				DEBUG_INFORMATION_FORMAT = "dwarf-with-dsym";
				ENABLE_STRICT_OBJC_MSGSEND = YES;
				GCC_C_LANGUAGE_STANDARD = gnu99;
				GCC_DYNAMIC_NO_PIC = NO;
				GCC_NO_COMMON_BLOCKS = YES;
				GCC_OPTIMIZATION_LEVEL = 0;
				GCC_PREPROCESSOR_DEFINITIONS = (
					"DEBUG=1",
					"$(inherited)",
				);
				GCC_SYMBOLS_PRIVATE_EXTERN = NO;
				GCC_WARN_64_TO_32_BIT_CONVERSION = YES;
				GCC_WARN_ABOUT_RETURN_TYPE = YES_ERROR;
				GCC_WARN_UNDECLARED_SELECTOR = YES;
				GCC_WARN_UNINITIALIZED_AUTOS = YES_AGGRESSIVE;
				GCC_WARN_UNUSED_FUNCTION = YES;
				GCC_WARN_UNUSED_VARIABLE = YES;
				IPHONEOS_DEPLOYMENT_TARGET = 8.3;
				MTL_ENABLE_DEBUG_INFO = YES;
				ONLY_ACTIVE_ARCH = YES;
				SDKROOT = iphoneos;
				TARGETED_DEVICE_FAMILY = "1,2";
			};
			name = Debug;
		};
		07B07E081B3D992D008627F9 /* Release */ = {
			isa = XCBuildConfiguration;
			buildSettings = {
				ALWAYS_SEARCH_USER_PATHS = NO;
				CLANG_CXX_LANGUAGE_STANDARD = "gnu++0x";
				CLANG_CXX_LIBRARY = "libc++";
				CLANG_ENABLE_MODULES = YES;
				CLANG_ENABLE_OBJC_ARC = YES;
				CLANG_WARN_BOOL_CONVERSION = YES;
				CLANG_WARN_CONSTANT_CONVERSION = YES;
				CLANG_WARN_DIRECT_OBJC_ISA_USAGE = YES_ERROR;
				CLANG_WARN_EMPTY_BODY = YES;
				CLANG_WARN_ENUM_CONVERSION = YES;
				CLANG_WARN_INT_CONVERSION = YES;
				CLANG_WARN_OBJC_ROOT_CLASS = YES_ERROR;
				CLANG_WARN_UNREACHABLE_CODE = YES;
				CLANG_WARN__DUPLICATE_METHOD_MATCH = YES;
				"CODE_SIGN_IDENTITY[sdk=iphoneos*]" = "iPhone Developer";
				COPY_PHASE_STRIP = NO;
				DEBUG_INFORMATION_FORMAT = "dwarf-with-dsym";
				ENABLE_NS_ASSERTIONS = NO;
				ENABLE_STRICT_OBJC_MSGSEND = YES;
				GCC_C_LANGUAGE_STANDARD = gnu99;
				GCC_NO_COMMON_BLOCKS = YES;
				GCC_WARN_64_TO_32_BIT_CONVERSION = YES;
				GCC_WARN_ABOUT_RETURN_TYPE = YES_ERROR;
				GCC_WARN_UNDECLARED_SELECTOR = YES;
				GCC_WARN_UNINITIALIZED_AUTOS = YES_AGGRESSIVE;
				GCC_WARN_UNUSED_FUNCTION = YES;
				GCC_WARN_UNUSED_VARIABLE = YES;
				IPHONEOS_DEPLOYMENT_TARGET = 8.3;
				MTL_ENABLE_DEBUG_INFO = NO;
				SDKROOT = iphoneos;
				TARGETED_DEVICE_FAMILY = "1,2";
				VALIDATE_PRODUCT = YES;
			};
			name = Release;
		};
		07B07E0A1B3D992D008627F9 /* Debug */ = {
			isa = XCBuildConfiguration;
			baseConfigurationReference = 18955F7011E629AD51577F14 /* Pods-photoFeature.debug.xcconfig */;
			buildSettings = {
				ASSETCATALOG_COMPILER_APPICON_NAME = AppIcon;
				FRAMEWORK_SEARCH_PATHS = (
					"$(inherited)",
					"$(PROJECT_DIR)/parse-library-1-4",
				);
				INFOPLIST_FILE = photoFeature/Info.plist;
				LD_RUNPATH_SEARCH_PATHS = "$(inherited) @executable_path/Frameworks";
				PRODUCT_NAME = "$(TARGET_NAME)";
			};
			name = Debug;
		};
		07B07E0B1B3D992D008627F9 /* Release */ = {
			isa = XCBuildConfiguration;
			baseConfigurationReference = EE10574D3BF40ADA9E70A67B /* Pods-photoFeature.release.xcconfig */;
			buildSettings = {
				ASSETCATALOG_COMPILER_APPICON_NAME = AppIcon;
				FRAMEWORK_SEARCH_PATHS = (
					"$(inherited)",
					"$(PROJECT_DIR)/parse-library-1-4",
				);
				INFOPLIST_FILE = photoFeature/Info.plist;
				LD_RUNPATH_SEARCH_PATHS = "$(inherited) @executable_path/Frameworks";
				PRODUCT_NAME = "$(TARGET_NAME)";
			};
			name = Release;
		};
		07B07E0D1B3D992D008627F9 /* Debug */ = {
			isa = XCBuildConfiguration;
			buildSettings = {
				BUNDLE_LOADER = "$(TEST_HOST)";
				FRAMEWORK_SEARCH_PATHS = (
					"$(SDKROOT)/Developer/Library/Frameworks",
					"$(inherited)",
				);
				GCC_PREPROCESSOR_DEFINITIONS = (
					"DEBUG=1",
					"$(inherited)",
				);
				INFOPLIST_FILE = photoFeatureTests/Info.plist;
				LD_RUNPATH_SEARCH_PATHS = "$(inherited) @executable_path/Frameworks @loader_path/Frameworks";
				PRODUCT_NAME = "$(TARGET_NAME)";
				TEST_HOST = "$(BUILT_PRODUCTS_DIR)/photoFeature.app/photoFeature";
			};
			name = Debug;
		};
		07B07E0E1B3D992D008627F9 /* Release */ = {
			isa = XCBuildConfiguration;
			buildSettings = {
				BUNDLE_LOADER = "$(TEST_HOST)";
				FRAMEWORK_SEARCH_PATHS = (
					"$(SDKROOT)/Developer/Library/Frameworks",
					"$(inherited)",
				);
				INFOPLIST_FILE = photoFeatureTests/Info.plist;
				LD_RUNPATH_SEARCH_PATHS = "$(inherited) @executable_path/Frameworks @loader_path/Frameworks";
				PRODUCT_NAME = "$(TARGET_NAME)";
				TEST_HOST = "$(BUILT_PRODUCTS_DIR)/photoFeature.app/photoFeature";
			};
			name = Release;
		};
/* End XCBuildConfiguration section */

/* Begin XCConfigurationList section */
		07B07DE11B3D992D008627F9 /* Build configuration list for PBXProject "photoFeature" */ = {
			isa = XCConfigurationList;
			buildConfigurations = (
				07B07E071B3D992D008627F9 /* Debug */,
				07B07E081B3D992D008627F9 /* Release */,
			);
			defaultConfigurationIsVisible = 0;
			defaultConfigurationName = Release;
		};
		07B07E091B3D992D008627F9 /* Build configuration list for PBXNativeTarget "photoFeature" */ = {
			isa = XCConfigurationList;
			buildConfigurations = (
				07B07E0A1B3D992D008627F9 /* Debug */,
				07B07E0B1B3D992D008627F9 /* Release */,
			);
			defaultConfigurationIsVisible = 0;
			defaultConfigurationName = Release;
		};
		07B07E0C1B3D992D008627F9 /* Build configuration list for PBXNativeTarget "photoFeatureTests" */ = {
			isa = XCConfigurationList;
			buildConfigurations = (
				07B07E0D1B3D992D008627F9 /* Debug */,
				07B07E0E1B3D992D008627F9 /* Release */,
			);
			defaultConfigurationIsVisible = 0;
			defaultConfigurationName = Release;
		};
/* End XCConfigurationList section */
	};
	rootObject = 07B07DDE1B3D992D008627F9 /* Project object */;
}
